// !$*UTF8*$!
{
	archiveVersion = 1;
	classes = {
	};
	objectVersion = 56;
	objects = {

/* Begin PBXBuildFile section */
		713368D32A07761E00638572 /* LaunchScreenView.swift in Sources */ = {isa = PBXBuildFile; fileRef = 713368D22A07761E00638572 /* LaunchScreenView.swift */; };
		71864F452A0457C100DDCB88 /* WishDatePickerView.swift in Sources */ = {isa = PBXBuildFile; fileRef = 71864F442A0457C100DDCB88 /* WishDatePickerView.swift */; };
		71864F4A2A0666AE00DDCB88 /* SettingsView.swift in Sources */ = {isa = PBXBuildFile; fileRef = 71864F492A0666AE00DDCB88 /* SettingsView.swift */; };
		71A5976C29F85FE1000374AD /* MinimalWishListApp.swift in Sources */ = {isa = PBXBuildFile; fileRef = 71A5976B29F85FE1000374AD /* MinimalWishListApp.swift */; };
		71A5977029F85FE2000374AD /* Assets.xcassets in Resources */ = {isa = PBXBuildFile; fileRef = 71A5976F29F85FE2000374AD /* Assets.xcassets */; };
		71A5977329F85FE2000374AD /* Preview Assets.xcassets in Resources */ = {isa = PBXBuildFile; fileRef = 71A5977229F85FE2000374AD /* Preview Assets.xcassets */; };
		71A5977D29F85FE2000374AD /* MinimalWishListTests.swift in Sources */ = {isa = PBXBuildFile; fileRef = 71A5977C29F85FE2000374AD /* MinimalWishListTests.swift */; };
		71A5978729F85FE2000374AD /* MinimalWishListUITests.swift in Sources */ = {isa = PBXBuildFile; fileRef = 71A5978629F85FE2000374AD /* MinimalWishListUITests.swift */; };
		71A5978929F85FE2000374AD /* MinimalWishListUITestsLaunchTests.swift in Sources */ = {isa = PBXBuildFile; fileRef = 71A5978829F85FE2000374AD /* MinimalWishListUITestsLaunchTests.swift */; };
		71A5979629F86AAC000374AD /* Wish.swift in Sources */ = {isa = PBXBuildFile; fileRef = 71A5979529F86AAC000374AD /* Wish.swift */; };
		71A5979829F86E35000374AD /* WishListView.swift in Sources */ = {isa = PBXBuildFile; fileRef = 71A5979729F86E35000374AD /* WishListView.swift */; };
		71A5979B29F8712E000374AD /* WishListRow.swift in Sources */ = {isa = PBXBuildFile; fileRef = 71A5979A29F8712E000374AD /* WishListRow.swift */; };
		71A597C329F9D36E000374AD /* Storage.swift in Sources */ = {isa = PBXBuildFile; fileRef = 71A597C229F9D36E000374AD /* Storage.swift */; };
		71C6791B2A005157003BFD00 /* WishListViewModel.swift in Sources */ = {isa = PBXBuildFile; fileRef = 71C6791A2A005157003BFD00 /* WishListViewModel.swift */; };
		71C6791D2A0056D0003BFD00 /* WishListStorage.swift in Sources */ = {isa = PBXBuildFile; fileRef = 71C6791C2A0056D0003BFD00 /* WishListStorage.swift */; };
		71C679212A00C3A1003BFD00 /* NewYork.ttf in Resources */ = {isa = PBXBuildFile; fileRef = 71C6791F2A00C3A1003BFD00 /* NewYork.ttf */; };
		71C679222A00C3A1003BFD00 /* NewYorkItalic.ttf in Resources */ = {isa = PBXBuildFile; fileRef = 71C679202A00C3A1003BFD00 /* NewYorkItalic.ttf */; };
		71C679302A015F7F003BFD00 /* NanumSquareNeo-cBd.ttf in Resources */ = {isa = PBXBuildFile; fileRef = 71C6792B2A015F7F003BFD00 /* NanumSquareNeo-cBd.ttf */; };
		71CD97BA2A0229BA0057AC42 /* WishAddView.swift in Sources */ = {isa = PBXBuildFile; fileRef = 71CD97B92A0229BA0057AC42 /* WishAddView.swift */; };
		71CD97BC2A02CFD10057AC42 /* WishImage.swift in Sources */ = {isa = PBXBuildFile; fileRef = 71CD97BB2A02CFD10057AC42 /* WishImage.swift */; };
		71CD97C22A0335BF0057AC42 /* WishIconPickerView.swift in Sources */ = {isa = PBXBuildFile; fileRef = 71CD97C12A0335BF0057AC42 /* WishIconPickerView.swift */; };
		71DBD3552A08A14B005B8122 /* WishEditView.swift in Sources */ = {isa = PBXBuildFile; fileRef = 71DBD3542A08A14B005B8122 /* WishEditView.swift */; };
		71FCB2302A4CA9AB00C48CAD /* MainPageView.swift in Sources */ = {isa = PBXBuildFile; fileRef = 71FCB22F2A4CA9AB00C48CAD /* MainPageView.swift */; };
/* End PBXBuildFile section */

/* Begin PBXContainerItemProxy section */
		71A5977929F85FE2000374AD /* PBXContainerItemProxy */ = {
			isa = PBXContainerItemProxy;
			containerPortal = 71A5976029F85FE1000374AD /* Project object */;
			proxyType = 1;
			remoteGlobalIDString = 71A5976729F85FE1000374AD;
			remoteInfo = MinimalWishList;
		};
		71A5978329F85FE2000374AD /* PBXContainerItemProxy */ = {
			isa = PBXContainerItemProxy;
			containerPortal = 71A5976029F85FE1000374AD /* Project object */;
			proxyType = 1;
			remoteGlobalIDString = 71A5976729F85FE1000374AD;
			remoteInfo = MinimalWishList;
		};
/* End PBXContainerItemProxy section */

/* Begin PBXFileReference section */
		713368D22A07761E00638572 /* LaunchScreenView.swift */ = {isa = PBXFileReference; lastKnownFileType = sourcecode.swift; path = LaunchScreenView.swift; sourceTree = "<group>"; };
		71864F442A0457C100DDCB88 /* WishDatePickerView.swift */ = {isa = PBXFileReference; lastKnownFileType = sourcecode.swift; path = WishDatePickerView.swift; sourceTree = "<group>"; };
		71864F492A0666AE00DDCB88 /* SettingsView.swift */ = {isa = PBXFileReference; lastKnownFileType = sourcecode.swift; path = SettingsView.swift; sourceTree = "<group>"; };
		71A5976829F85FE1000374AD /* MinimalWishList.app */ = {isa = PBXFileReference; explicitFileType = wrapper.application; includeInIndex = 0; path = MinimalWishList.app; sourceTree = BUILT_PRODUCTS_DIR; };
		71A5976B29F85FE1000374AD /* MinimalWishListApp.swift */ = {isa = PBXFileReference; lastKnownFileType = sourcecode.swift; path = MinimalWishListApp.swift; sourceTree = "<group>"; };
		71A5976F29F85FE2000374AD /* Assets.xcassets */ = {isa = PBXFileReference; lastKnownFileType = folder.assetcatalog; path = Assets.xcassets; sourceTree = "<group>"; };
		71A5977229F85FE2000374AD /* Preview Assets.xcassets */ = {isa = PBXFileReference; lastKnownFileType = folder.assetcatalog; path = "Preview Assets.xcassets"; sourceTree = "<group>"; };
		71A5977829F85FE2000374AD /* MinimalWishListTests.xctest */ = {isa = PBXFileReference; explicitFileType = wrapper.cfbundle; includeInIndex = 0; path = MinimalWishListTests.xctest; sourceTree = BUILT_PRODUCTS_DIR; };
		71A5977C29F85FE2000374AD /* MinimalWishListTests.swift */ = {isa = PBXFileReference; lastKnownFileType = sourcecode.swift; path = MinimalWishListTests.swift; sourceTree = "<group>"; };
		71A5978229F85FE2000374AD /* MinimalWishListUITests.xctest */ = {isa = PBXFileReference; explicitFileType = wrapper.cfbundle; includeInIndex = 0; path = MinimalWishListUITests.xctest; sourceTree = BUILT_PRODUCTS_DIR; };
		71A5978629F85FE2000374AD /* MinimalWishListUITests.swift */ = {isa = PBXFileReference; lastKnownFileType = sourcecode.swift; path = MinimalWishListUITests.swift; sourceTree = "<group>"; };
		71A5978829F85FE2000374AD /* MinimalWishListUITestsLaunchTests.swift */ = {isa = PBXFileReference; lastKnownFileType = sourcecode.swift; path = MinimalWishListUITestsLaunchTests.swift; sourceTree = "<group>"; };
		71A5979529F86AAC000374AD /* Wish.swift */ = {isa = PBXFileReference; lastKnownFileType = sourcecode.swift; path = Wish.swift; sourceTree = "<group>"; };
		71A5979729F86E35000374AD /* WishListView.swift */ = {isa = PBXFileReference; lastKnownFileType = sourcecode.swift; path = WishListView.swift; sourceTree = "<group>"; };
		71A5979A29F8712E000374AD /* WishListRow.swift */ = {isa = PBXFileReference; lastKnownFileType = sourcecode.swift; path = WishListRow.swift; sourceTree = "<group>"; };
		71A597C229F9D36E000374AD /* Storage.swift */ = {isa = PBXFileReference; lastKnownFileType = sourcecode.swift; path = Storage.swift; sourceTree = "<group>"; };
		71C6791A2A005157003BFD00 /* WishListViewModel.swift */ = {isa = PBXFileReference; lastKnownFileType = sourcecode.swift; path = WishListViewModel.swift; sourceTree = "<group>"; };
		71C6791C2A0056D0003BFD00 /* WishListStorage.swift */ = {isa = PBXFileReference; lastKnownFileType = sourcecode.swift; path = WishListStorage.swift; sourceTree = "<group>"; };
		71C6791F2A00C3A1003BFD00 /* NewYork.ttf */ = {isa = PBXFileReference; lastKnownFileType = file; name = NewYork.ttf; path = ../../../../../../Library/Fonts/NewYork.ttf; sourceTree = "<group>"; };
		71C679202A00C3A1003BFD00 /* NewYorkItalic.ttf */ = {isa = PBXFileReference; lastKnownFileType = file; name = NewYorkItalic.ttf; path = ../../../../../../Library/Fonts/NewYorkItalic.ttf; sourceTree = "<group>"; };
		71C679232A00C8B8003BFD00 /* Info.plist */ = {isa = PBXFileReference; lastKnownFileType = text.plist; path = Info.plist; sourceTree = "<group>"; };
		71C6792B2A015F7F003BFD00 /* NanumSquareNeo-cBd.ttf */ = {isa = PBXFileReference; lastKnownFileType = file; name = "NanumSquareNeo-cBd.ttf"; path = "../../../../Library/Fonts/NanumSquareNeo-cBd.ttf"; sourceTree = "<group>"; };
		71CD97B92A0229BA0057AC42 /* WishAddView.swift */ = {isa = PBXFileReference; lastKnownFileType = sourcecode.swift; path = WishAddView.swift; sourceTree = "<group>"; };
		71CD97BB2A02CFD10057AC42 /* WishImage.swift */ = {isa = PBXFileReference; lastKnownFileType = sourcecode.swift; path = WishImage.swift; sourceTree = "<group>"; };
		71CD97C12A0335BF0057AC42 /* WishIconPickerView.swift */ = {isa = PBXFileReference; lastKnownFileType = sourcecode.swift; path = WishIconPickerView.swift; sourceTree = "<group>"; };
		71DBD3542A08A14B005B8122 /* WishEditView.swift */ = {isa = PBXFileReference; lastKnownFileType = sourcecode.swift; path = WishEditView.swift; sourceTree = "<group>"; };
		71FCB22F2A4CA9AB00C48CAD /* MainPageView.swift */ = {isa = PBXFileReference; lastKnownFileType = sourcecode.swift; path = MainPageView.swift; sourceTree = "<group>"; };
/* End PBXFileReference section */

/* Begin PBXFrameworksBuildPhase section */
		71A5976529F85FE1000374AD /* Frameworks */ = {
			isa = PBXFrameworksBuildPhase;
			buildActionMask = 2147483647;
			files = (
			);
			runOnlyForDeploymentPostprocessing = 0;
		};
		71A5977529F85FE2000374AD /* Frameworks */ = {
			isa = PBXFrameworksBuildPhase;
			buildActionMask = 2147483647;
			files = (
			);
			runOnlyForDeploymentPostprocessing = 0;
		};
		71A5977F29F85FE2000374AD /* Frameworks */ = {
			isa = PBXFrameworksBuildPhase;
			buildActionMask = 2147483647;
			files = (
			);
			runOnlyForDeploymentPostprocessing = 0;
		};
/* End PBXFrameworksBuildPhase section */

/* Begin PBXGroup section */
		71864F482A06669300DDCB88 /* Settings */ = {
			isa = PBXGroup;
			children = (
				71864F492A0666AE00DDCB88 /* SettingsView.swift */,
			);
			path = Settings;
			sourceTree = "<group>";
		};
		71A5975F29F85FE1000374AD = {
			isa = PBXGroup;
			children = (
				71A5976A29F85FE1000374AD /* MinimalWishList */,
				71A5977B29F85FE2000374AD /* MinimalWishListTests */,
				71A5978529F85FE2000374AD /* MinimalWishListUITests */,
				71A5976929F85FE1000374AD /* Products */,
			);
			sourceTree = "<group>";
		};
		71A5976929F85FE1000374AD /* Products */ = {
			isa = PBXGroup;
			children = (
				71A5976829F85FE1000374AD /* MinimalWishList.app */,
				71A5977829F85FE2000374AD /* MinimalWishListTests.xctest */,
				71A5978229F85FE2000374AD /* MinimalWishListUITests.xctest */,
			);
			name = Products;
			sourceTree = "<group>";
		};
		71A5976A29F85FE1000374AD /* MinimalWishList */ = {
			isa = PBXGroup;
			children = (
				71C679232A00C8B8003BFD00 /* Info.plist */,
				71A5976B29F85FE1000374AD /* MinimalWishListApp.swift */,
				713368D22A07761E00638572 /* LaunchScreenView.swift */,
				71FCB22E2A4CA8DA00C48CAD /* Main */,
				71CD97B62A0228000057AC42 /* Wish List */,
				71864F482A06669300DDCB88 /* Settings */,
				71A5979929F870E3000374AD /* Model */,
				71C6791E2A00C245003BFD00 /* Fonts */,
				71A597C129F9D362000374AD /* Storage */,
				71A5976F29F85FE2000374AD /* Assets.xcassets */,
				71A5977129F85FE2000374AD /* Preview Content */,
			);
			path = MinimalWishList;
			sourceTree = "<group>";
		};
		71A5977129F85FE2000374AD /* Preview Content */ = {
			isa = PBXGroup;
			children = (
				71A5977229F85FE2000374AD /* Preview Assets.xcassets */,
			);
			path = "Preview Content";
			sourceTree = "<group>";
		};
		71A5977B29F85FE2000374AD /* MinimalWishListTests */ = {
			isa = PBXGroup;
			children = (
				71A5977C29F85FE2000374AD /* MinimalWishListTests.swift */,
			);
			path = MinimalWishListTests;
			sourceTree = "<group>";
		};
		71A5978529F85FE2000374AD /* MinimalWishListUITests */ = {
			isa = PBXGroup;
			children = (
				71A5978629F85FE2000374AD /* MinimalWishListUITests.swift */,
				71A5978829F85FE2000374AD /* MinimalWishListUITestsLaunchTests.swift */,
			);
			path = MinimalWishListUITests;
			sourceTree = "<group>";
		};
		71A5979929F870E3000374AD /* Model */ = {
			isa = PBXGroup;
			children = (
				71A5979529F86AAC000374AD /* Wish.swift */,
				71CD97BB2A02CFD10057AC42 /* WishImage.swift */,
			);
			path = Model;
			sourceTree = "<group>";
		};
		71A597C129F9D362000374AD /* Storage */ = {
			isa = PBXGroup;
			children = (
				71A597C229F9D36E000374AD /* Storage.swift */,
				71C6791C2A0056D0003BFD00 /* WishListStorage.swift */,
			);
			path = Storage;
			sourceTree = "<group>";
		};
		71C6791E2A00C245003BFD00 /* Fonts */ = {
			isa = PBXGroup;
			children = (
				71C6792B2A015F7F003BFD00 /* NanumSquareNeo-cBd.ttf */,
				71C6791F2A00C3A1003BFD00 /* NewYork.ttf */,
				71C679202A00C3A1003BFD00 /* NewYorkItalic.ttf */,
			);
			path = Fonts;
			sourceTree = "<group>";
		};
		71CD97B62A0228000057AC42 /* Wish List */ = {
			isa = PBXGroup;
			children = (
				71A5979729F86E35000374AD /* WishListView.swift */,
				71C6791A2A005157003BFD00 /* WishListViewModel.swift */,
				71A5979A29F8712E000374AD /* WishListRow.swift */,
				71CD97B92A0229BA0057AC42 /* WishAddView.swift */,
				71DBD3542A08A14B005B8122 /* WishEditView.swift */,
				71864F442A0457C100DDCB88 /* WishDatePickerView.swift */,
				71CD97C12A0335BF0057AC42 /* WishIconPickerView.swift */,
			);
			path = "Wish List";
			sourceTree = "<group>";
		};
		71FCB22E2A4CA8DA00C48CAD /* Main */ = {
			isa = PBXGroup;
			children = (
				71FCB22F2A4CA9AB00C48CAD /* MainPageView.swift */,
			);
			path = Main;
			sourceTree = "<group>";
		};
/* End PBXGroup section */

/* Begin PBXNativeTarget section */
		71A5976729F85FE1000374AD /* MinimalWishList */ = {
			isa = PBXNativeTarget;
			buildConfigurationList = 71A5978C29F85FE2000374AD /* Build configuration list for PBXNativeTarget "MinimalWishList" */;
			buildPhases = (
				71A5976429F85FE1000374AD /* Sources */,
				71A5976529F85FE1000374AD /* Frameworks */,
				71A5976629F85FE1000374AD /* Resources */,
			);
			buildRules = (
			);
			dependencies = (
			);
			name = MinimalWishList;
			productName = MinimalWishList;
			productReference = 71A5976829F85FE1000374AD /* MinimalWishList.app */;
			productType = "com.apple.product-type.application";
		};
		71A5977729F85FE2000374AD /* MinimalWishListTests */ = {
			isa = PBXNativeTarget;
			buildConfigurationList = 71A5978F29F85FE2000374AD /* Build configuration list for PBXNativeTarget "MinimalWishListTests" */;
			buildPhases = (
				71A5977429F85FE2000374AD /* Sources */,
				71A5977529F85FE2000374AD /* Frameworks */,
				71A5977629F85FE2000374AD /* Resources */,
			);
			buildRules = (
			);
			dependencies = (
				71A5977A29F85FE2000374AD /* PBXTargetDependency */,
			);
			name = MinimalWishListTests;
			productName = MinimalWishListTests;
			productReference = 71A5977829F85FE2000374AD /* MinimalWishListTests.xctest */;
			productType = "com.apple.product-type.bundle.unit-test";
		};
		71A5978129F85FE2000374AD /* MinimalWishListUITests */ = {
			isa = PBXNativeTarget;
			buildConfigurationList = 71A5979229F85FE2000374AD /* Build configuration list for PBXNativeTarget "MinimalWishListUITests" */;
			buildPhases = (
				71A5977E29F85FE2000374AD /* Sources */,
				71A5977F29F85FE2000374AD /* Frameworks */,
				71A5978029F85FE2000374AD /* Resources */,
			);
			buildRules = (
			);
			dependencies = (
				71A5978429F85FE2000374AD /* PBXTargetDependency */,
			);
			name = MinimalWishListUITests;
			productName = MinimalWishListUITests;
			productReference = 71A5978229F85FE2000374AD /* MinimalWishListUITests.xctest */;
			productType = "com.apple.product-type.bundle.ui-testing";
		};
/* End PBXNativeTarget section */

/* Begin PBXProject section */
		71A5976029F85FE1000374AD /* Project object */ = {
			isa = PBXProject;
			attributes = {
				BuildIndependentTargetsInParallel = 1;
				LastSwiftUpdateCheck = 1430;
				LastUpgradeCheck = 1500;
				TargetAttributes = {
					71A5976729F85FE1000374AD = {
						CreatedOnToolsVersion = 14.3;
					};
					71A5977729F85FE2000374AD = {
						CreatedOnToolsVersion = 14.3;
						TestTargetID = 71A5976729F85FE1000374AD;
					};
					71A5978129F85FE2000374AD = {
						CreatedOnToolsVersion = 14.3;
						TestTargetID = 71A5976729F85FE1000374AD;
					};
				};
			};
			buildConfigurationList = 71A5976329F85FE1000374AD /* Build configuration list for PBXProject "MinimalWishList" */;
			compatibilityVersion = "Xcode 14.0";
			developmentRegion = en;
			hasScannedForEncodings = 0;
			knownRegions = (
				en,
				Base,
			);
			mainGroup = 71A5975F29F85FE1000374AD;
			productRefGroup = 71A5976929F85FE1000374AD /* Products */;
			projectDirPath = "";
			projectRoot = "";
			targets = (
				71A5976729F85FE1000374AD /* MinimalWishList */,
				71A5977729F85FE2000374AD /* MinimalWishListTests */,
				71A5978129F85FE2000374AD /* MinimalWishListUITests */,
			);
		};
/* End PBXProject section */

/* Begin PBXResourcesBuildPhase section */
		71A5976629F85FE1000374AD /* Resources */ = {
			isa = PBXResourcesBuildPhase;
			buildActionMask = 2147483647;
			files = (
				71C679212A00C3A1003BFD00 /* NewYork.ttf in Resources */,
				71A5977329F85FE2000374AD /* Preview Assets.xcassets in Resources */,
				71C679302A015F7F003BFD00 /* NanumSquareNeo-cBd.ttf in Resources */,
				71C679222A00C3A1003BFD00 /* NewYorkItalic.ttf in Resources */,
				71A5977029F85FE2000374AD /* Assets.xcassets in Resources */,
			);
			runOnlyForDeploymentPostprocessing = 0;
		};
		71A5977629F85FE2000374AD /* Resources */ = {
			isa = PBXResourcesBuildPhase;
			buildActionMask = 2147483647;
			files = (
			);
			runOnlyForDeploymentPostprocessing = 0;
		};
		71A5978029F85FE2000374AD /* Resources */ = {
			isa = PBXResourcesBuildPhase;
			buildActionMask = 2147483647;
			files = (
			);
			runOnlyForDeploymentPostprocessing = 0;
		};
/* End PBXResourcesBuildPhase section */

/* Begin PBXSourcesBuildPhase section */
		71A5976429F85FE1000374AD /* Sources */ = {
			isa = PBXSourcesBuildPhase;
			buildActionMask = 2147483647;
			files = (
				71CD97BC2A02CFD10057AC42 /* WishImage.swift in Sources */,
				71A5979829F86E35000374AD /* WishListView.swift in Sources */,
				71FCB2302A4CA9AB00C48CAD /* MainPageView.swift in Sources */,
				71A5979629F86AAC000374AD /* Wish.swift in Sources */,
				71A5979B29F8712E000374AD /* WishListRow.swift in Sources */,
				71864F452A0457C100DDCB88 /* WishDatePickerView.swift in Sources */,
				71C6791D2A0056D0003BFD00 /* WishListStorage.swift in Sources */,
				71A5976C29F85FE1000374AD /* MinimalWishListApp.swift in Sources */,
				71C6791B2A005157003BFD00 /* WishListViewModel.swift in Sources */,
				713368D32A07761E00638572 /* LaunchScreenView.swift in Sources */,
				71CD97C22A0335BF0057AC42 /* WishIconPickerView.swift in Sources */,
				71CD97BA2A0229BA0057AC42 /* WishAddView.swift in Sources */,
				71DBD3552A08A14B005B8122 /* WishEditView.swift in Sources */,
				71A597C329F9D36E000374AD /* Storage.swift in Sources */,
				71864F4A2A0666AE00DDCB88 /* SettingsView.swift in Sources */,
			);
			runOnlyForDeploymentPostprocessing = 0;
		};
		71A5977429F85FE2000374AD /* Sources */ = {
			isa = PBXSourcesBuildPhase;
			buildActionMask = 2147483647;
			files = (
				71A5977D29F85FE2000374AD /* MinimalWishListTests.swift in Sources */,
			);
			runOnlyForDeploymentPostprocessing = 0;
		};
		71A5977E29F85FE2000374AD /* Sources */ = {
			isa = PBXSourcesBuildPhase;
			buildActionMask = 2147483647;
			files = (
				71A5978729F85FE2000374AD /* MinimalWishListUITests.swift in Sources */,
				71A5978929F85FE2000374AD /* MinimalWishListUITestsLaunchTests.swift in Sources */,
			);
			runOnlyForDeploymentPostprocessing = 0;
		};
/* End PBXSourcesBuildPhase section */

/* Begin PBXTargetDependency section */
		71A5977A29F85FE2000374AD /* PBXTargetDependency */ = {
			isa = PBXTargetDependency;
			target = 71A5976729F85FE1000374AD /* MinimalWishList */;
			targetProxy = 71A5977929F85FE2000374AD /* PBXContainerItemProxy */;
		};
		71A5978429F85FE2000374AD /* PBXTargetDependency */ = {
			isa = PBXTargetDependency;
			target = 71A5976729F85FE1000374AD /* MinimalWishList */;
			targetProxy = 71A5978329F85FE2000374AD /* PBXContainerItemProxy */;
		};
/* End PBXTargetDependency section */

/* Begin XCBuildConfiguration section */
		71A5978A29F85FE2000374AD /* Debug */ = {
			isa = XCBuildConfiguration;
			buildSettings = {
				ALWAYS_SEARCH_USER_PATHS = NO;
				CLANG_ANALYZER_NONNULL = YES;
				CLANG_ANALYZER_NUMBER_OBJECT_CONVERSION = YES_AGGRESSIVE;
				CLANG_CXX_LANGUAGE_STANDARD = "gnu++20";
				CLANG_ENABLE_MODULES = YES;
				CLANG_ENABLE_OBJC_ARC = YES;
				CLANG_ENABLE_OBJC_WEAK = YES;
				CLANG_WARN_BLOCK_CAPTURE_AUTORELEASING = YES;
				CLANG_WARN_BOOL_CONVERSION = YES;
				CLANG_WARN_COMMA = YES;
				CLANG_WARN_CONSTANT_CONVERSION = YES;
				CLANG_WARN_DEPRECATED_OBJC_IMPLEMENTATIONS = YES;
				CLANG_WARN_DIRECT_OBJC_ISA_USAGE = YES_ERROR;
				CLANG_WARN_DOCUMENTATION_COMMENTS = YES;
				CLANG_WARN_EMPTY_BODY = YES;
				CLANG_WARN_ENUM_CONVERSION = YES;
				CLANG_WARN_INFINITE_RECURSION = YES;
				CLANG_WARN_INT_CONVERSION = YES;
				CLANG_WARN_NON_LITERAL_NULL_CONVERSION = YES;
				CLANG_WARN_OBJC_IMPLICIT_RETAIN_SELF = YES;
				CLANG_WARN_OBJC_LITERAL_CONVERSION = YES;
				CLANG_WARN_OBJC_ROOT_CLASS = YES_ERROR;
				CLANG_WARN_QUOTED_INCLUDE_IN_FRAMEWORK_HEADER = YES;
				CLANG_WARN_RANGE_LOOP_ANALYSIS = YES;
				CLANG_WARN_STRICT_PROTOTYPES = YES;
				CLANG_WARN_SUSPICIOUS_MOVE = YES;
				CLANG_WARN_UNGUARDED_AVAILABILITY = YES_AGGRESSIVE;
				CLANG_WARN_UNREACHABLE_CODE = YES;
				CLANG_WARN__DUPLICATE_METHOD_MATCH = YES;
				COPY_PHASE_STRIP = NO;
				DEBUG_INFORMATION_FORMAT = dwarf;
				ENABLE_STRICT_OBJC_MSGSEND = YES;
				ENABLE_TESTABILITY = YES;
				ENABLE_USER_SCRIPT_SANDBOXING = YES;
				GCC_C_LANGUAGE_STANDARD = gnu11;
				GCC_DYNAMIC_NO_PIC = NO;
				GCC_NO_COMMON_BLOCKS = YES;
				GCC_OPTIMIZATION_LEVEL = 0;
				GCC_PREPROCESSOR_DEFINITIONS = (
					"DEBUG=1",
					"$(inherited)",
				);
				GCC_WARN_64_TO_32_BIT_CONVERSION = YES;
				GCC_WARN_ABOUT_RETURN_TYPE = YES_ERROR;
				GCC_WARN_UNDECLARED_SELECTOR = YES;
				GCC_WARN_UNINITIALIZED_AUTOS = YES_AGGRESSIVE;
				GCC_WARN_UNUSED_FUNCTION = YES;
				GCC_WARN_UNUSED_VARIABLE = YES;
				IPHONEOS_DEPLOYMENT_TARGET = 16.0;
				MTL_ENABLE_DEBUG_INFO = INCLUDE_SOURCE;
				MTL_FAST_MATH = YES;
				ONLY_ACTIVE_ARCH = YES;
				SDKROOT = iphoneos;
				SWIFT_ACTIVE_COMPILATION_CONDITIONS = DEBUG;
				SWIFT_OPTIMIZATION_LEVEL = "-Onone";
			};
			name = Debug;
		};
		71A5978B29F85FE2000374AD /* Release */ = {
			isa = XCBuildConfiguration;
			buildSettings = {
				ALWAYS_SEARCH_USER_PATHS = NO;
				CLANG_ANALYZER_NONNULL = YES;
				CLANG_ANALYZER_NUMBER_OBJECT_CONVERSION = YES_AGGRESSIVE;
				CLANG_CXX_LANGUAGE_STANDARD = "gnu++20";
				CLANG_ENABLE_MODULES = YES;
				CLANG_ENABLE_OBJC_ARC = YES;
				CLANG_ENABLE_OBJC_WEAK = YES;
				CLANG_WARN_BLOCK_CAPTURE_AUTORELEASING = YES;
				CLANG_WARN_BOOL_CONVERSION = YES;
				CLANG_WARN_COMMA = YES;
				CLANG_WARN_CONSTANT_CONVERSION = YES;
				CLANG_WARN_DEPRECATED_OBJC_IMPLEMENTATIONS = YES;
				CLANG_WARN_DIRECT_OBJC_ISA_USAGE = YES_ERROR;
				CLANG_WARN_DOCUMENTATION_COMMENTS = YES;
				CLANG_WARN_EMPTY_BODY = YES;
				CLANG_WARN_ENUM_CONVERSION = YES;
				CLANG_WARN_INFINITE_RECURSION = YES;
				CLANG_WARN_INT_CONVERSION = YES;
				CLANG_WARN_NON_LITERAL_NULL_CONVERSION = YES;
				CLANG_WARN_OBJC_IMPLICIT_RETAIN_SELF = YES;
				CLANG_WARN_OBJC_LITERAL_CONVERSION = YES;
				CLANG_WARN_OBJC_ROOT_CLASS = YES_ERROR;
				CLANG_WARN_QUOTED_INCLUDE_IN_FRAMEWORK_HEADER = YES;
				CLANG_WARN_RANGE_LOOP_ANALYSIS = YES;
				CLANG_WARN_STRICT_PROTOTYPES = YES;
				CLANG_WARN_SUSPICIOUS_MOVE = YES;
				CLANG_WARN_UNGUARDED_AVAILABILITY = YES_AGGRESSIVE;
				CLANG_WARN_UNREACHABLE_CODE = YES;
				CLANG_WARN__DUPLICATE_METHOD_MATCH = YES;
				COPY_PHASE_STRIP = NO;
				DEBUG_INFORMATION_FORMAT = "dwarf-with-dsym";
				ENABLE_NS_ASSERTIONS = NO;
				ENABLE_STRICT_OBJC_MSGSEND = YES;
				ENABLE_USER_SCRIPT_SANDBOXING = YES;
				GCC_C_LANGUAGE_STANDARD = gnu11;
				GCC_NO_COMMON_BLOCKS = YES;
				GCC_WARN_64_TO_32_BIT_CONVERSION = YES;
				GCC_WARN_ABOUT_RETURN_TYPE = YES_ERROR;
				GCC_WARN_UNDECLARED_SELECTOR = YES;
				GCC_WARN_UNINITIALIZED_AUTOS = YES_AGGRESSIVE;
				GCC_WARN_UNUSED_FUNCTION = YES;
				GCC_WARN_UNUSED_VARIABLE = YES;
				IPHONEOS_DEPLOYMENT_TARGET = 16.0;
				MTL_ENABLE_DEBUG_INFO = NO;
				MTL_FAST_MATH = YES;
				SDKROOT = iphoneos;
				SWIFT_COMPILATION_MODE = wholemodule;
				SWIFT_OPTIMIZATION_LEVEL = "-O";
				VALIDATE_PRODUCT = YES;
			};
			name = Release;
		};
		71A5978D29F85FE2000374AD /* Debug */ = {
			isa = XCBuildConfiguration;
			buildSettings = {
				ASSETCATALOG_COMPILER_APPICON_NAME = AppIcon;
				ASSETCATALOG_COMPILER_GLOBAL_ACCENT_COLOR_NAME = AccentColor;
				ASSETCATALOG_COMPILER_INCLUDE_ALL_APPICON_ASSETS = NO;
				CODE_SIGN_IDENTITY = "Apple Development";
				CODE_SIGN_STYLE = Automatic;
				CURRENT_PROJECT_VERSION = 1;
				DEVELOPMENT_ASSET_PATHS = "\"MinimalWishList/Preview Content\"";
				DEVELOPMENT_TEAM = 8K4N273XSG;
				ENABLE_PREVIEWS = YES;
				GENERATE_INFOPLIST_FILE = YES;
				INFOPLIST_FILE = MinimalWishList/Info.plist;
				INFOPLIST_KEY_CFBundleDisplayName = "Minimal WishList";
				INFOPLIST_KEY_LSApplicationCategoryType = "public.app-category.lifestyle";
				INFOPLIST_KEY_UIApplicationSceneManifest_Generation = YES;
				INFOPLIST_KEY_UIApplicationSupportsIndirectInputEvents = YES;
				INFOPLIST_KEY_UILaunchScreen_Generation = YES;
				INFOPLIST_KEY_UILaunchStoryboardName = "";
				INFOPLIST_KEY_UISupportedInterfaceOrientations = UIInterfaceOrientationPortrait;
				INFOPLIST_KEY_UISupportedInterfaceOrientations_iPad = "UIInterfaceOrientationLandscapeLeft UIInterfaceOrientationLandscapeRight UIInterfaceOrientationPortrait UIInterfaceOrientationPortraitUpsideDown";
				IPHONEOS_DEPLOYMENT_TARGET = 16.0;
				LD_RUNPATH_SEARCH_PATHS = (
					"$(inherited)",
					"@executable_path/Frameworks",
				);
				MARKETING_VERSION = 1.0;
				PRODUCT_BUNDLE_IDENTIFIER = com.CJPark.MinimalWishList;
				PRODUCT_NAME = "$(TARGET_NAME)";
				PROVISIONING_PROFILE_SPECIFIER = "";
				SUPPORTED_PLATFORMS = "iphoneos iphonesimulator";
				SUPPORTS_MACCATALYST = NO;
				SUPPORTS_MAC_DESIGNED_FOR_IPHONE_IPAD = NO;
				SUPPORTS_XR_DESIGNED_FOR_IPHONE_IPAD = NO;
				SWIFT_EMIT_LOC_STRINGS = YES;
				SWIFT_VERSION = 5.0;
				TARGETED_DEVICE_FAMILY = 1;
			};
			name = Debug;
		};
		71A5978E29F85FE2000374AD /* Release */ = {
			isa = XCBuildConfiguration;
			buildSettings = {
				ASSETCATALOG_COMPILER_APPICON_NAME = AppIcon;
				ASSETCATALOG_COMPILER_GLOBAL_ACCENT_COLOR_NAME = AccentColor;
				ASSETCATALOG_COMPILER_INCLUDE_ALL_APPICON_ASSETS = NO;
				CODE_SIGN_IDENTITY = "Apple Development";
				CODE_SIGN_STYLE = Automatic;
				CURRENT_PROJECT_VERSION = 1;
				DEVELOPMENT_ASSET_PATHS = "\"MinimalWishList/Preview Content\"";
				DEVELOPMENT_TEAM = 8K4N273XSG;
				ENABLE_PREVIEWS = YES;
				GENERATE_INFOPLIST_FILE = YES;
				INFOPLIST_FILE = MinimalWishList/Info.plist;
				INFOPLIST_KEY_CFBundleDisplayName = "Minimal WishList";
				INFOPLIST_KEY_LSApplicationCategoryType = "public.app-category.lifestyle";
				INFOPLIST_KEY_UIApplicationSceneManifest_Generation = YES;
				INFOPLIST_KEY_UIApplicationSupportsIndirectInputEvents = YES;
				INFOPLIST_KEY_UILaunchScreen_Generation = YES;
				INFOPLIST_KEY_UILaunchStoryboardName = "";
				INFOPLIST_KEY_UISupportedInterfaceOrientations = UIInterfaceOrientationPortrait;
				INFOPLIST_KEY_UISupportedInterfaceOrientations_iPad = "UIInterfaceOrientationLandscapeLeft UIInterfaceOrientationLandscapeRight UIInterfaceOrientationPortrait UIInterfaceOrientationPortraitUpsideDown";
				IPHONEOS_DEPLOYMENT_TARGET = 16.0;
				LD_RUNPATH_SEARCH_PATHS = (
					"$(inherited)",
					"@executable_path/Frameworks",
				);
				MARKETING_VERSION = 1.0;
				PRODUCT_BUNDLE_IDENTIFIER = com.CJPark.MinimalWishList;
				PRODUCT_NAME = "$(TARGET_NAME)";
				PROVISIONING_PROFILE_SPECIFIER = "";
				SUPPORTED_PLATFORMS = "iphoneos iphonesimulator";
				SUPPORTS_MACCATALYST = NO;
				SUPPORTS_MAC_DESIGNED_FOR_IPHONE_IPAD = NO;
				SUPPORTS_XR_DESIGNED_FOR_IPHONE_IPAD = NO;
				SWIFT_EMIT_LOC_STRINGS = YES;
				SWIFT_VERSION = 5.0;
				TARGETED_DEVICE_FAMILY = 1;
			};
			name = Release;
		};
		71A5979029F85FE2000374AD /* Debug */ = {
			isa = XCBuildConfiguration;
			buildSettings = {
				ALWAYS_EMBED_SWIFT_STANDARD_LIBRARIES = YES;
				BUNDLE_LOADER = "$(TEST_HOST)";
				CODE_SIGN_STYLE = Automatic;
				CURRENT_PROJECT_VERSION = 1;
				DEVELOPMENT_TEAM = 8K4N273XSG;
				GENERATE_INFOPLIST_FILE = YES;
				IPHONEOS_DEPLOYMENT_TARGET = 16.0;
				MARKETING_VERSION = 1.0;
				PRODUCT_BUNDLE_IDENTIFIER = CJPark.MinimalWishListTests;
				PRODUCT_NAME = "$(TARGET_NAME)";
				SUPPORTED_PLATFORMS = "iphoneos iphonesimulator";
				SUPPORTS_MACCATALYST = NO;
				SUPPORTS_MAC_DESIGNED_FOR_IPHONE_IPAD = NO;
				SWIFT_EMIT_LOC_STRINGS = NO;
				SWIFT_VERSION = 5.0;
				TARGETED_DEVICE_FAMILY = 1;
				TEST_HOST = "$(BUILT_PRODUCTS_DIR)/MinimalWishList.app/$(BUNDLE_EXECUTABLE_FOLDER_PATH)/MinimalWishList";
			};
			name = Debug;
		};
		71A5979129F85FE2000374AD /* Release */ = {
			isa = XCBuildConfiguration;
			buildSettings = {
				ALWAYS_EMBED_SWIFT_STANDARD_LIBRARIES = YES;
				BUNDLE_LOADER = "$(TEST_HOST)";
				CODE_SIGN_STYLE = Automatic;
				CURRENT_PROJECT_VERSION = 1;
				DEVELOPMENT_TEAM = 8K4N273XSG;
				GENERATE_INFOPLIST_FILE = YES;
				IPHONEOS_DEPLOYMENT_TARGET = 16.0;
				MARKETING_VERSION = 1.0;
				PRODUCT_BUNDLE_IDENTIFIER = CJPark.MinimalWishListTests;
				PRODUCT_NAME = "$(TARGET_NAME)";
				SUPPORTED_PLATFORMS = "iphoneos iphonesimulator";
				SUPPORTS_MACCATALYST = NO;
				SUPPORTS_MAC_DESIGNED_FOR_IPHONE_IPAD = NO;
				SWIFT_EMIT_LOC_STRINGS = NO;
				SWIFT_VERSION = 5.0;
				TARGETED_DEVICE_FAMILY = 1;
				TEST_HOST = "$(BUILT_PRODUCTS_DIR)/MinimalWishList.app/$(BUNDLE_EXECUTABLE_FOLDER_PATH)/MinimalWishList";
			};
			name = Release;
		};
		71A5979329F85FE2000374AD /* Debug */ = {
			isa = XCBuildConfiguration;
			buildSettings = {
				ALWAYS_EMBED_SWIFT_STANDARD_LIBRARIES = YES;
				CODE_SIGN_STYLE = Automatic;
				CURRENT_PROJECT_VERSION = 1;
				DEVELOPMENT_TEAM = 8K4N273XSG;
				GENERATE_INFOPLIST_FILE = YES;
				MARKETING_VERSION = 1.0;
				PRODUCT_BUNDLE_IDENTIFIER = CJPark.MinimalWishListUITests;
				PRODUCT_NAME = "$(TARGET_NAME)";
				SUPPORTED_PLATFORMS = "iphoneos iphonesimulator";
				SUPPORTS_MACCATALYST = NO;
				SUPPORTS_MAC_DESIGNED_FOR_IPHONE_IPAD = NO;
				SWIFT_EMIT_LOC_STRINGS = NO;
				SWIFT_VERSION = 5.0;
				TARGETED_DEVICE_FAMILY = 1;
				TEST_TARGET_NAME = MinimalWishList;
			};
			name = Debug;
		};
		71A5979429F85FE2000374AD /* Release */ = {
			isa = XCBuildConfiguration;
			buildSettings = {
				ALWAYS_EMBED_SWIFT_STANDARD_LIBRARIES = YES;
				CODE_SIGN_STYLE = Automatic;
				CURRENT_PROJECT_VERSION = 1;
				DEVELOPMENT_TEAM = 8K4N273XSG;
				GENERATE_INFOPLIST_FILE = YES;
				MARKETING_VERSION = 1.0;
				PRODUCT_BUNDLE_IDENTIFIER = CJPark.MinimalWishListUITests;
				PRODUCT_NAME = "$(TARGET_NAME)";
				SUPPORTED_PLATFORMS = "iphoneos iphonesimulator";
				SUPPORTS_MACCATALYST = NO;
				SUPPORTS_MAC_DESIGNED_FOR_IPHONE_IPAD = NO;
				SWIFT_EMIT_LOC_STRINGS = NO;
				SWIFT_VERSION = 5.0;
				TARGETED_DEVICE_FAMILY = 1;
				TEST_TARGET_NAME = MinimalWishList;
			};
			name = Release;
		};
/* End XCBuildConfiguration section */

/* Begin XCConfigurationList section */
		71A5976329F85FE1000374AD /* Build configuration list for PBXProject "MinimalWishList" */ = {
			isa = XCConfigurationList;
			buildConfigurations = (
				71A5978A29F85FE2000374AD /* Debug */,
				71A5978B29F85FE2000374AD /* Release */,
			);
			defaultConfigurationIsVisible = 0;
			defaultConfigurationName = Release;
		};
		71A5978C29F85FE2000374AD /* Build configuration list for PBXNativeTarget "MinimalWishList" */ = {
			isa = XCConfigurationList;
			buildConfigurations = (
				71A5978D29F85FE2000374AD /* Debug */,
				71A5978E29F85FE2000374AD /* Release */,
			);
			defaultConfigurationIsVisible = 0;
			defaultConfigurationName = Release;
		};
		71A5978F29F85FE2000374AD /* Build configuration list for PBXNativeTarget "MinimalWishListTests" */ = {
			isa = XCConfigurationList;
			buildConfigurations = (
				71A5979029F85FE2000374AD /* Debug */,
				71A5979129F85FE2000374AD /* Release */,
			);
			defaultConfigurationIsVisible = 0;
			defaultConfigurationName = Release;
		};
		71A5979229F85FE2000374AD /* Build configuration list for PBXNativeTarget "MinimalWishListUITests" */ = {
			isa = XCConfigurationList;
			buildConfigurations = (
				71A5979329F85FE2000374AD /* Debug */,
				71A5979429F85FE2000374AD /* Release */,
			);
			defaultConfigurationIsVisible = 0;
			defaultConfigurationName = Release;
		};
/* End XCConfigurationList section */
	};
	rootObject = 71A5976029F85FE1000374AD /* Project object */;
}
